
Microsoft Visual Studio Solution File, Format Version 12.00
# Visual Studio Version 16
VisualStudioVersion = 16.0.30011.22
MinimumVisualStudioVersion = 10.0.40219.1
Project("{FAE04EC0-301F-11D3-BF4B-00C04F79EFBC}") = "GenericPrac2", "GenericPrac2\GenericPrac2.csproj", "{837014E5-2F09-4C96-B6AA-A4E0B6A9A966}"
EndProject
Global
	GlobalSection(SolutionConfigurationPlatforms) = preSolution
		Debug|Any CPU = Debug|Any CPU
		Release|Any CPU = Release|Any CPU
	EndGlobalSection
	GlobalSection(ProjectConfigurationPlatforms) = postSolution
		{837014E5-2F09-4C96-B6AA-A4E0B6A9A966}.Debug|Any CPU.ActiveCfg = Debug|Any CPU
		{837014E5-2F09-4C96-B6AA-A4E0B6A9A966}.Debug|Any CPU.Build.0 = Debug|Any CPU
		{837014E5-2F09-4C96-B6AA-A4E0B6A9A966}.Release|Any CPU.ActiveCfg = Release|Any CPU
		{837014E5-2F09-4C96-B6AA-A4E0B6A9A966}.Release|Any CPU.Build.0 = Release|Any CPU
	EndGlobalSection
	GlobalSection(SolutionProperties) = preSolution
		HideSolutionNode = FALSE
	EndGlobalSection
	GlobalSection(ExtensibilityGlobals) = postSolution
		SolutionGuid = {A0B70E15-2024-4BC6-BE3E-D4D95ED918BF}
	EndGlobalSection
EndGlobal
